
Microsoft Visual Studio Solution File, Format Version 12.00
# Visual Studio Version 17
VisualStudioVersion = 17.8.34322.80
MinimumVisualStudioVersion = 10.0.40219.1
Project("{8BC9CEB8-8B4A-11D0-8D11-00A0C91BC942}") = "ConsoleApplication9", "ConsoleApplication9\ConsoleApplication9.vcxproj", "{54CF3141-28FA-40E0-9C0F-E0959A2923FE}"
EndProject
Global
	GlobalSection(SolutionConfigurationPlatforms) = preSolution
		Debug|x64 = Debug|x64
		Debug|x86 = Debug|x86
		Release|x64 = Release|x64
		Release|x86 = Release|x86
	EndGlobalSection
	GlobalSection(ProjectConfigurationPlatforms) = postSolution
		{54CF3141-28FA-40E0-9C0F-E0959A2923FE}.Debug|x64.ActiveCfg = Debug|x64
		{54CF3141-28FA-40E0-9C0F-E0959A2923FE}.Debug|x64.Build.0 = Debug|x64
		{54CF3141-28FA-40E0-9C0F-E0959A2923FE}.Debug|x86.ActiveCfg = Debug|Win32
		{54CF3141-28FA-40E0-9C0F-E0959A2923FE}.Debug|x86.Build.0 = Debug|Win32
		{54CF3141-28FA-40E0-9C0F-E0959A2923FE}.Release|x64.ActiveCfg = Release|x64
		{54CF3141-28FA-40E0-9C0F-E0959A2923FE}.Release|x64.Build.0 = Release|x64
		{54CF3141-28FA-40E0-9C0F-E0959A2923FE}.Release|x86.ActiveCfg = Release|Win32
		{54CF3141-28FA-40E0-9C0F-E0959A2923FE}.Release|x86.Build.0 = Release|Win32
	EndGlobalSection
	GlobalSection(SolutionProperties) = preSolution
		HideSolutionNode = FALSE
	EndGlobalSection
	GlobalSection(ExtensibilityGlobals) = postSolution
		SolutionGuid = {F104DC99-67B7-4D3E-A0A2-556FD7ED7AF3}
	EndGlobalSection
EndGlobal
